
Microsoft Visual Studio Solution File, Format Version 12.00
# Visual Studio 15
VisualStudioVersion = 15.0.28010.2003
MinimumVisualStudioVersion = 10.0.40219.1
Project("{FAE04EC0-301F-11D3-BF4B-00C04F79EFBC}") = "atm", "atm\atm.csproj", "{3D8591C3-CA7A-426E-89B6-603FA282CE59}"
EndProject
Global
	GlobalSection(SolutionConfigurationPlatforms) = preSolution
		Debug|Any CPU = Debug|Any CPU
		Release|Any CPU = Release|Any CPU
	EndGlobalSection
	GlobalSection(ProjectConfigurationPlatforms) = postSolution
		{3D8591C3-CA7A-426E-89B6-603FA282CE59}.Debug|Any CPU.ActiveCfg = Debug|Any CPU
		{3D8591C3-CA7A-426E-89B6-603FA282CE59}.Debug|Any CPU.Build.0 = Debug|Any CPU
		{3D8591C3-CA7A-426E-89B6-603FA282CE59}.Release|Any CPU.ActiveCfg = Release|Any CPU
		{3D8591C3-CA7A-426E-89B6-603FA282CE59}.Release|Any CPU.Build.0 = Release|Any CPU
	EndGlobalSection
	GlobalSection(SolutionProperties) = preSolution
		HideSolutionNode = FALSE
	EndGlobalSection
	GlobalSection(ExtensibilityGlobals) = postSolution
		SolutionGuid = {31060239-9CE5-4005-A49A-FE0D0ECB8D2F}
	EndGlobalSection
EndGlobal
